
Microsoft Visual Studio Solution File, Format Version 11.00
# Visual Studio 2010
Project("{8BC9CEB8-8B4A-11D0-8D11-00A0C91BC942}") = "cis3090-a2", "cis3090-a2.vcxproj", "{FE3D53EC-5DD7-4300-A085-D4FDEE6457E8}"
EndProject
Global
	GlobalSection(SolutionConfigurationPlatforms) = preSolution
		Debug|Win32 = Debug|Win32
		Release|Win32 = Release|Win32
	EndGlobalSection
	GlobalSection(ProjectConfigurationPlatforms) = postSolution
		{FE3D53EC-5DD7-4300-A085-D4FDEE6457E8}.Debug|Win32.ActiveCfg = Debug|Win32
		{FE3D53EC-5DD7-4300-A085-D4FDEE6457E8}.Debug|Win32.Build.0 = Debug|Win32
		{FE3D53EC-5DD7-4300-A085-D4FDEE6457E8}.Release|Win32.ActiveCfg = Release|Win32
		{FE3D53EC-5DD7-4300-A085-D4FDEE6457E8}.Release|Win32.Build.0 = Release|Win32
	EndGlobalSection
	GlobalSection(SolutionProperties) = preSolution
		HideSolutionNode = FALSE
	EndGlobalSection
EndGlobal
